// !$*UTF8*$!
{
	archiveVersion = 1;
	classes = {
	};
	objectVersion = 56;
	objects = {

/* Begin PBXBuildFile section */
		113FF97A29B4A56900CDBA4C /* LavaLampApp.swift in Sources */ = {isa = PBXBuildFile; fileRef = 113FF97929B4A56900CDBA4C /* LavaLampApp.swift */; };
		113FF97C29B4A56900CDBA4C /* ContentView.swift in Sources */ = {isa = PBXBuildFile; fileRef = 113FF97B29B4A56900CDBA4C /* ContentView.swift */; };
		113FF97E29B4A56B00CDBA4C /* Assets.xcassets in Resources */ = {isa = PBXBuildFile; fileRef = 113FF97D29B4A56B00CDBA4C /* Assets.xcassets */; };
		113FF98129B4A56B00CDBA4C /* Preview Assets.xcassets in Resources */ = {isa = PBXBuildFile; fileRef = 113FF98029B4A56B00CDBA4C /* Preview Assets.xcassets */; };
		113FF98829B4A79900CDBA4C /* Particle.swift in Sources */ = {isa = PBXBuildFile; fileRef = 113FF98729B4A79900CDBA4C /* Particle.swift */; };
		113FF98A29B4A81E00CDBA4C /* ParticleSystem.swift in Sources */ = {isa = PBXBuildFile; fileRef = 113FF98929B4A81E00CDBA4C /* ParticleSystem.swift */; };
		113FF98C29B4AC1B00CDBA4C /* +Array.swift in Sources */ = {isa = PBXBuildFile; fileRef = 113FF98B29B4AC1B00CDBA4C /* +Array.swift */; };
		113FF98E29B4AD7100CDBA4C /* AnimatablePolygonShape.swift in Sources */ = {isa = PBXBuildFile; fileRef = 113FF98D29B4AD7100CDBA4C /* AnimatablePolygonShape.swift */; };
		113FF99029B4B1A700CDBA4C /* AnimatingPolygon.swift in Sources */ = {isa = PBXBuildFile; fileRef = 113FF98F29B4B1A700CDBA4C /* AnimatingPolygon.swift */; };
		1160B33929B4C0F7005BA021 /* BackgroundBlob.swift in Sources */ = {isa = PBXBuildFile; fileRef = 1160B33829B4C0F7005BA021 /* BackgroundBlob.swift */; };
/* End PBXBuildFile section */

/* Begin PBXFileReference section */
		113FF97629B4A56900CDBA4C /* LavaLamp.app */ = {isa = PBXFileReference; explicitFileType = wrapper.application; includeInIndex = 0; path = LavaLamp.app; sourceTree = BUILT_PRODUCTS_DIR; };
		113FF97929B4A56900CDBA4C /* LavaLampApp.swift */ = {isa = PBXFileReference; lastKnownFileType = sourcecode.swift; path = LavaLampApp.swift; sourceTree = "<group>"; };
		113FF97B29B4A56900CDBA4C /* ContentView.swift */ = {isa = PBXFileReference; lastKnownFileType = sourcecode.swift; path = ContentView.swift; sourceTree = "<group>"; };
		113FF97D29B4A56B00CDBA4C /* Assets.xcassets */ = {isa = PBXFileReference; lastKnownFileType = folder.assetcatalog; path = Assets.xcassets; sourceTree = "<group>"; };
		113FF98029B4A56B00CDBA4C /* Preview Assets.xcassets */ = {isa = PBXFileReference; lastKnownFileType = folder.assetcatalog; path = "Preview Assets.xcassets"; sourceTree = "<group>"; };
		113FF98729B4A79900CDBA4C /* Particle.swift */ = {isa = PBXFileReference; lastKnownFileType = sourcecode.swift; path = Particle.swift; sourceTree = "<group>"; };
		113FF98929B4A81E00CDBA4C /* ParticleSystem.swift */ = {isa = PBXFileReference; lastKnownFileType = sourcecode.swift; path = ParticleSystem.swift; sourceTree = "<group>"; };
		113FF98B29B4AC1B00CDBA4C /* +Array.swift */ = {isa = PBXFileReference; lastKnownFileType = sourcecode.swift; path = "+Array.swift"; sourceTree = "<group>"; };
		113FF98D29B4AD7100CDBA4C /* AnimatablePolygonShape.swift */ = {isa = PBXFileReference; lastKnownFileType = sourcecode.swift; path = AnimatablePolygonShape.swift; sourceTree = "<group>"; };
		113FF98F29B4B1A700CDBA4C /* AnimatingPolygon.swift */ = {isa = PBXFileReference; lastKnownFileType = sourcecode.swift; path = AnimatingPolygon.swift; sourceTree = "<group>"; };
		1160B33829B4C0F7005BA021 /* BackgroundBlob.swift */ = {isa = PBXFileReference; lastKnownFileType = sourcecode.swift; path = BackgroundBlob.swift; sourceTree = "<group>"; };
/* End PBXFileReference section */

/* Begin PBXFrameworksBuildPhase section */
		113FF97329B4A56900CDBA4C /* Frameworks */ = {
			isa = PBXFrameworksBuildPhase;
			buildActionMask = 2147483647;
			files = (
			);
			runOnlyForDeploymentPostprocessing = 0;
		};
/* End PBXFrameworksBuildPhase section */

/* Begin PBXGroup section */
		113FF96D29B4A56900CDBA4C = {
			isa = PBXGroup;
			children = (
				113FF97829B4A56900CDBA4C /* LavaLamp */,
				113FF97729B4A56900CDBA4C /* Products */,
			);
			sourceTree = "<group>";
		};
		113FF97729B4A56900CDBA4C /* Products */ = {
			isa = PBXGroup;
			children = (
				113FF97629B4A56900CDBA4C /* LavaLamp.app */,
			);
			name = Products;
			sourceTree = "<group>";
		};
		113FF97829B4A56900CDBA4C /* LavaLamp */ = {
			isa = PBXGroup;
			children = (
				113FF97929B4A56900CDBA4C /* LavaLampApp.swift */,
				113FF97B29B4A56900CDBA4C /* ContentView.swift */,
				113FF97D29B4A56B00CDBA4C /* Assets.xcassets */,
				113FF97F29B4A56B00CDBA4C /* Preview Content */,
				113FF98729B4A79900CDBA4C /* Particle.swift */,
				113FF98929B4A81E00CDBA4C /* ParticleSystem.swift */,
				113FF98B29B4AC1B00CDBA4C /* +Array.swift */,
				113FF98D29B4AD7100CDBA4C /* AnimatablePolygonShape.swift */,
				113FF98F29B4B1A700CDBA4C /* AnimatingPolygon.swift */,
				1160B33829B4C0F7005BA021 /* BackgroundBlob.swift */,
			);
			path = LavaLamp;
			sourceTree = "<group>";
		};
		113FF97F29B4A56B00CDBA4C /* Preview Content */ = {
			isa = PBXGroup;
			children = (
				113FF98029B4A56B00CDBA4C /* Preview Assets.xcassets */,
			);
			path = "Preview Content";
			sourceTree = "<group>";
		};
/* End PBXGroup section */

/* Begin PBXNativeTarget section */
		113FF97529B4A56900CDBA4C /* LavaLamp */ = {
			isa = PBXNativeTarget;
			buildConfigurationList = 113FF98429B4A56B00CDBA4C /* Build configuration list for PBXNativeTarget "LavaLamp" */;
			buildPhases = (
				113FF97229B4A56900CDBA4C /* Sources */,
				113FF97329B4A56900CDBA4C /* Frameworks */,
				113FF97429B4A56900CDBA4C /* Resources */,
			);
			buildRules = (
			);
			dependencies = (
			);
			name = LavaLamp;
			productName = LavaLamp;
			productReference = 113FF97629B4A56900CDBA4C /* LavaLamp.app */;
			productType = "com.apple.product-type.application";
		};
/* End PBXNativeTarget section */

/* Begin PBXProject section */
		113FF96E29B4A56900CDBA4C /* Project object */ = {
			isa = PBXProject;
			attributes = {
				BuildIndependentTargetsInParallel = 1;
				LastSwiftUpdateCheck = 1420;
				LastUpgradeCheck = 1420;
				TargetAttributes = {
					113FF97529B4A56900CDBA4C = {
						CreatedOnToolsVersion = 14.2;
					};
				};
			};
			buildConfigurationList = 113FF97129B4A56900CDBA4C /* Build configuration list for PBXProject "LavaLamp" */;
			compatibilityVersion = "Xcode 14.0";
			developmentRegion = en;
			hasScannedForEncodings = 0;
			knownRegions = (
				en,
				Base,
			);
			mainGroup = 113FF96D29B4A56900CDBA4C;
			productRefGroup = 113FF97729B4A56900CDBA4C /* Products */;
			projectDirPath = "";
			projectRoot = "";
			targets = (
				113FF97529B4A56900CDBA4C /* LavaLamp */,
			);
		};
/* End PBXProject section */

/* Begin PBXResourcesBuildPhase section */
		113FF97429B4A56900CDBA4C /* Resources */ = {
			isa = PBXResourcesBuildPhase;
			buildActionMask = 2147483647;
			files = (
				113FF98129B4A56B00CDBA4C /* Preview Assets.xcassets in Resources */,
				113FF97E29B4A56B00CDBA4C /* Assets.xcassets in Resources */,
			);
			runOnlyForDeploymentPostprocessing = 0;
		};
/* End PBXResourcesBuildPhase section */

/* Begin PBXSourcesBuildPhase section */
		113FF97229B4A56900CDBA4C /* Sources */ = {
			isa = PBXSourcesBuildPhase;
			buildActionMask = 2147483647;
			files = (
				113FF99029B4B1A700CDBA4C /* AnimatingPolygon.swift in Sources */,
				113FF98A29B4A81E00CDBA4C /* ParticleSystem.swift in Sources */,
				113FF98C29B4AC1B00CDBA4C /* +Array.swift in Sources */,
				113FF97C29B4A56900CDBA4C /* ContentView.swift in Sources */,
				113FF98829B4A79900CDBA4C /* Particle.swift in Sources */,
				113FF98E29B4AD7100CDBA4C /* AnimatablePolygonShape.swift in Sources */,
				1160B33929B4C0F7005BA021 /* BackgroundBlob.swift in Sources */,
				113FF97A29B4A56900CDBA4C /* LavaLampApp.swift in Sources */,
			);
			runOnlyForDeploymentPostprocessing = 0;
		};
/* End PBXSourcesBuildPhase section */

/* Begin XCBuildConfiguration section */
		113FF98229B4A56B00CDBA4C /* Debug */ = {
			isa = XCBuildConfiguration;
			buildSettings = {
				ALWAYS_SEARCH_USER_PATHS = NO;
				CLANG_ANALYZER_NONNULL = YES;
				CLANG_ANALYZER_NUMBER_OBJECT_CONVERSION = YES_AGGRESSIVE;
				CLANG_CXX_LANGUAGE_STANDARD = "gnu++20";
				CLANG_ENABLE_MODULES = YES;
				CLANG_ENABLE_OBJC_ARC = YES;
				CLANG_ENABLE_OBJC_WEAK = YES;
				CLANG_WARN_BLOCK_CAPTURE_AUTORELEASING = YES;
				CLANG_WARN_BOOL_CONVERSION = YES;
				CLANG_WARN_COMMA = YES;
				CLANG_WARN_CONSTANT_CONVERSION = YES;
				CLANG_WARN_DEPRECATED_OBJC_IMPLEMENTATIONS = YES;
				CLANG_WARN_DIRECT_OBJC_ISA_USAGE = YES_ERROR;
				CLANG_WARN_DOCUMENTATION_COMMENTS = YES;
				CLANG_WARN_EMPTY_BODY = YES;
				CLANG_WARN_ENUM_CONVERSION = YES;
				CLANG_WARN_INFINITE_RECURSION = YES;
				CLANG_WARN_INT_CONVERSION = YES;
				CLANG_WARN_NON_LITERAL_NULL_CONVERSION = YES;
				CLANG_WARN_OBJC_IMPLICIT_RETAIN_SELF = YES;
				CLANG_WARN_OBJC_LITERAL_CONVERSION = YES;
				CLANG_WARN_OBJC_ROOT_CLASS = YES_ERROR;
				CLANG_WARN_QUOTED_INCLUDE_IN_FRAMEWORK_HEADER = YES;
				CLANG_WARN_RANGE_LOOP_ANALYSIS = YES;
				CLANG_WARN_STRICT_PROTOTYPES = YES;
				CLANG_WARN_SUSPICIOUS_MOVE = YES;
				CLANG_WARN_UNGUARDED_AVAILABILITY = YES_AGGRESSIVE;
				CLANG_WARN_UNREACHABLE_CODE = YES;
				CLANG_WARN__DUPLICATE_METHOD_MATCH = YES;
				COPY_PHASE_STRIP = NO;
				DEBUG_INFORMATION_FORMAT = dwarf;
				ENABLE_STRICT_OBJC_MSGSEND = YES;
				ENABLE_TESTABILITY = YES;
				GCC_C_LANGUAGE_STANDARD = gnu11;
				GCC_DYNAMIC_NO_PIC = NO;
				GCC_NO_COMMON_BLOCKS = YES;
				GCC_OPTIMIZATION_LEVEL = 0;
				GCC_PREPROCESSOR_DEFINITIONS = (
					"DEBUG=1",
					"$(inherited)",
				);
				GCC_WARN_64_TO_32_BIT_CONVERSION = YES;
				GCC_WARN_ABOUT_RETURN_TYPE = YES_ERROR;
				GCC_WARN_UNDECLARED_SELECTOR = YES;
				GCC_WARN_UNINITIALIZED_AUTOS = YES_AGGRESSIVE;
				GCC_WARN_UNUSED_FUNCTION = YES;
				GCC_WARN_UNUSED_VARIABLE = YES;
				IPHONEOS_DEPLOYMENT_TARGET = 16.2;
				MTL_ENABLE_DEBUG_INFO = INCLUDE_SOURCE;
				MTL_FAST_MATH = YES;
				ONLY_ACTIVE_ARCH = YES;
				SDKROOT = iphoneos;
				SWIFT_ACTIVE_COMPILATION_CONDITIONS = DEBUG;
				SWIFT_OPTIMIZATION_LEVEL = "-Onone";
			};
			name = Debug;
		};
		113FF98329B4A56B00CDBA4C /* Release */ = {
			isa = XCBuildConfiguration;
			buildSettings = {
				ALWAYS_SEARCH_USER_PATHS = NO;
				CLANG_ANALYZER_NONNULL = YES;
				CLANG_ANALYZER_NUMBER_OBJECT_CONVERSION = YES_AGGRESSIVE;
				CLANG_CXX_LANGUAGE_STANDARD = "gnu++20";
				CLANG_ENABLE_MODULES = YES;
				CLANG_ENABLE_OBJC_ARC = YES;
				CLANG_ENABLE_OBJC_WEAK = YES;
				CLANG_WARN_BLOCK_CAPTURE_AUTORELEASING = YES;
				CLANG_WARN_BOOL_CONVERSION = YES;
				CLANG_WARN_COMMA = YES;
				CLANG_WARN_CONSTANT_CONVERSION = YES;
				CLANG_WARN_DEPRECATED_OBJC_IMPLEMENTATIONS = YES;
				CLANG_WARN_DIRECT_OBJC_ISA_USAGE = YES_ERROR;
				CLANG_WARN_DOCUMENTATION_COMMENTS = YES;
				CLANG_WARN_EMPTY_BODY = YES;
				CLANG_WARN_ENUM_CONVERSION = YES;
				CLANG_WARN_INFINITE_RECURSION = YES;
				CLANG_WARN_INT_CONVERSION = YES;
				CLANG_WARN_NON_LITERAL_NULL_CONVERSION = YES;
				CLANG_WARN_OBJC_IMPLICIT_RETAIN_SELF = YES;
				CLANG_WARN_OBJC_LITERAL_CONVERSION = YES;
				CLANG_WARN_OBJC_ROOT_CLASS = YES_ERROR;
				CLANG_WARN_QUOTED_INCLUDE_IN_FRAMEWORK_HEADER = YES;
				CLANG_WARN_RANGE_LOOP_ANALYSIS = YES;
				CLANG_WARN_STRICT_PROTOTYPES = YES;
				CLANG_WARN_SUSPICIOUS_MOVE = YES;
				CLANG_WARN_UNGUARDED_AVAILABILITY = YES_AGGRESSIVE;
				CLANG_WARN_UNREACHABLE_CODE = YES;
				CLANG_WARN__DUPLICATE_METHOD_MATCH = YES;
				COPY_PHASE_STRIP = NO;
				DEBUG_INFORMATION_FORMAT = "dwarf-with-dsym";
				ENABLE_NS_ASSERTIONS = NO;
				ENABLE_STRICT_OBJC_MSGSEND = YES;
				GCC_C_LANGUAGE_STANDARD = gnu11;
				GCC_NO_COMMON_BLOCKS = YES;
				GCC_WARN_64_TO_32_BIT_CONVERSION = YES;
				GCC_WARN_ABOUT_RETURN_TYPE = YES_ERROR;
				GCC_WARN_UNDECLARED_SELECTOR = YES;
				GCC_WARN_UNINITIALIZED_AUTOS = YES_AGGRESSIVE;
				GCC_WARN_UNUSED_FUNCTION = YES;
				GCC_WARN_UNUSED_VARIABLE = YES;
				IPHONEOS_DEPLOYMENT_TARGET = 16.2;
				MTL_ENABLE_DEBUG_INFO = NO;
				MTL_FAST_MATH = YES;
				SDKROOT = iphoneos;
				SWIFT_COMPILATION_MODE = wholemodule;
				SWIFT_OPTIMIZATION_LEVEL = "-O";
				VALIDATE_PRODUCT = YES;
			};
			name = Release;
		};
		113FF98529B4A56B00CDBA4C /* Debug */ = {
			isa = XCBuildConfiguration;
			buildSettings = {
				ASSETCATALOG_COMPILER_APPICON_NAME = AppIcon;
				ASSETCATALOG_COMPILER_GLOBAL_ACCENT_COLOR_NAME = AccentColor;
				CODE_SIGN_STYLE = Automatic;
				CURRENT_PROJECT_VERSION = 1;
				DEVELOPMENT_ASSET_PATHS = "\"LavaLamp/Preview Content\"";
				DEVELOPMENT_TEAM = 874QFG5XXD;
				ENABLE_PREVIEWS = YES;
				GENERATE_INFOPLIST_FILE = YES;
				INFOPLIST_KEY_UIApplicationSceneManifest_Generation = YES;
				INFOPLIST_KEY_UIApplicationSupportsIndirectInputEvents = YES;
				INFOPLIST_KEY_UILaunchScreen_Generation = YES;
				INFOPLIST_KEY_UISupportedInterfaceOrientations_iPad = "UIInterfaceOrientationPortrait UIInterfaceOrientationPortraitUpsideDown UIInterfaceOrientationLandscapeLeft UIInterfaceOrientationLandscapeRight";
				INFOPLIST_KEY_UISupportedInterfaceOrientations_iPhone = "UIInterfaceOrientationPortrait UIInterfaceOrientationLandscapeLeft UIInterfaceOrientationLandscapeRight";
				LD_RUNPATH_SEARCH_PATHS = (
					"$(inherited)",
					"@executable_path/Frameworks",
				);
				MARKETING_VERSION = 1.0;
				PRODUCT_BUNDLE_IDENTIFIER = ua.smr.LavaLamp;
				PRODUCT_NAME = "$(TARGET_NAME)";
				SWIFT_EMIT_LOC_STRINGS = YES;
				SWIFT_VERSION = 5.0;
				TARGETED_DEVICE_FAMILY = "1,2";
			};
			name = Debug;
		};
		113FF98629B4A56B00CDBA4C /* Release */ = {
			isa = XCBuildConfiguration;
			buildSettings = {
				ASSETCATALOG_COMPILER_APPICON_NAME = AppIcon;
				ASSETCATALOG_COMPILER_GLOBAL_ACCENT_COLOR_NAME = AccentColor;
				CODE_SIGN_STYLE = Automatic;
				CURRENT_PROJECT_VERSION = 1;
				DEVELOPMENT_ASSET_PATHS = "\"LavaLamp/Preview Content\"";
				DEVELOPMENT_TEAM = 874QFG5XXD;
				ENABLE_PREVIEWS = YES;
				GENERATE_INFOPLIST_FILE = YES;
				INFOPLIST_KEY_UIApplicationSceneManifest_Generation = YES;
				INFOPLIST_KEY_UIApplicationSupportsIndirectInputEvents = YES;
				INFOPLIST_KEY_UILaunchScreen_Generation = YES;
				INFOPLIST_KEY_UISupportedInterfaceOrientations_iPad = "UIInterfaceOrientationPortrait UIInterfaceOrientationPortraitUpsideDown UIInterfaceOrientationLandscapeLeft UIInterfaceOrientationLandscapeRight";
				INFOPLIST_KEY_UISupportedInterfaceOrientations_iPhone = "UIInterfaceOrientationPortrait UIInterfaceOrientationLandscapeLeft UIInterfaceOrientationLandscapeRight";
				LD_RUNPATH_SEARCH_PATHS = (
					"$(inherited)",
					"@executable_path/Frameworks",
				);
				MARKETING_VERSION = 1.0;
				PRODUCT_BUNDLE_IDENTIFIER = ua.smr.LavaLamp;
				PRODUCT_NAME = "$(TARGET_NAME)";
				SWIFT_EMIT_LOC_STRINGS = YES;
				SWIFT_VERSION = 5.0;
				TARGETED_DEVICE_FAMILY = "1,2";
			};
			name = Release;
		};
/* End XCBuildConfiguration section */

/* Begin XCConfigurationList section */
		113FF97129B4A56900CDBA4C /* Build configuration list for PBXProject "LavaLamp" */ = {
			isa = XCConfigurationList;
			buildConfigurations = (
				113FF98229B4A56B00CDBA4C /* Debug */,
				113FF98329B4A56B00CDBA4C /* Release */,
			);
			defaultConfigurationIsVisible = 0;
			defaultConfigurationName = Release;
		};
		113FF98429B4A56B00CDBA4C /* Build configuration list for PBXNativeTarget "LavaLamp" */ = {
			isa = XCConfigurationList;
			buildConfigurations = (
				113FF98529B4A56B00CDBA4C /* Debug */,
				113FF98629B4A56B00CDBA4C /* Release */,
			);
			defaultConfigurationIsVisible = 0;
			defaultConfigurationName = Release;
		};
/* End XCConfigurationList section */
	};
	rootObject = 113FF96E29B4A56900CDBA4C /* Project object */;
}
